
Microsoft Visual Studio Solution File, Format Version 12.00
# Visual Studio Version 17
VisualStudioVersion = 17.0.31903.59
MinimumVisualStudioVersion = 10.0.40219.1
Project("{FAE04EC0-301F-11D3-BF4B-00C04F79EFBC}") = "app", "app\app.csproj", "{3E310DD2-AC62-4E73-99D3-B2F0432071A0}"
EndProject
Project("{FAE04EC0-301F-11D3-BF4B-00C04F79EFBC}") = "wapp", "wapp\wapp.csproj", "{CF14310F-7AAD-45AE-A824-093339B3FDF6}"
EndProject
Global
	GlobalSection(SolutionConfigurationPlatforms) = preSolution
		Debug|Any CPU = Debug|Any CPU
		Release|Any CPU = Release|Any CPU
	EndGlobalSection
	GlobalSection(SolutionProperties) = preSolution
		HideSolutionNode = FALSE
	EndGlobalSection
	GlobalSection(ProjectConfigurationPlatforms) = postSolution
		{3E310DD2-AC62-4E73-99D3-B2F0432071A0}.Debug|Any CPU.ActiveCfg = Debug|Any CPU
		{3E310DD2-AC62-4E73-99D3-B2F0432071A0}.Debug|Any CPU.Build.0 = Debug|Any CPU
		{3E310DD2-AC62-4E73-99D3-B2F0432071A0}.Release|Any CPU.ActiveCfg = Release|Any CPU
		{3E310DD2-AC62-4E73-99D3-B2F0432071A0}.Release|Any CPU.Build.0 = Release|Any CPU
		{CF14310F-7AAD-45AE-A824-093339B3FDF6}.Debug|Any CPU.ActiveCfg = Debug|Any CPU
		{CF14310F-7AAD-45AE-A824-093339B3FDF6}.Debug|Any CPU.Build.0 = Debug|Any CPU
		{CF14310F-7AAD-45AE-A824-093339B3FDF6}.Release|Any CPU.ActiveCfg = Release|Any CPU
		{CF14310F-7AAD-45AE-A824-093339B3FDF6}.Release|Any CPU.Build.0 = Release|Any CPU
	EndGlobalSection
EndGlobal
